<?xml version="1.0" encoding="utf-8"?>
<Project ToolsVersion="4.0" xmlns="http://schemas.microsoft.com/developer/msbuild/2003">
  <ItemGroup>
    <ClCompile Include="..\source\AssignNode.cpp" />
    <ClCompile Include="..\source\AST.cpp" />
    <ClCompile Include="..\source\ASTBuilder.cpp" />
    <ClCompile Include="..\source\ConstantNode.cpp" />
    <ClCompile Include="..\source\DesignAbstraction.cpp" />
    <ClCompile Include="..\source\DesignExtractor.cpp" />
    <ClCompile Include="..\source\FollowTable.cpp" />
    <ClCompile Include="..\source\Grammar.cpp" />
    <ClCompile Include="..\source\ParentTable.cpp" />
    <ClCompile Include="..\source\Parser.cpp" />
    <ClCompile Include="..\source\Pattern.cpp" />
    <ClCompile Include="..\source\PKB.cpp" />
    <ClCompile Include="..\source\ProcedureNode.cpp" />
    <ClCompile Include="..\source\QueryEvaluator.cpp" />
    <ClCompile Include="..\source\QueryPreProcessor.cpp" />
    <ClCompile Include="..\source\QueryProcessor.cpp" />
    <ClCompile Include="..\source\QueryResultProjector.cpp" />
    <ClCompile Include="..\source\StmtListNode.cpp" />
    <ClCompile Include="..\source\StringUtil.cpp" />
    <ClCompile Include="..\source\TNode.cpp" />
    <ClCompile Include="..\source\VariableNode.cpp" />
    <ClCompile Include="..\source\VarTable.cpp" />
    <ClCompile Include="..\source\WhileNode.cpp" />
  </ItemGroup>
  <ItemGroup>
    <ClInclude Include="..\source\AssignNode.h" />
    <ClInclude Include="..\source\AST.h" />
    <ClInclude Include="..\source\ASTBuilder.h" />
    <ClInclude Include="..\source\ASTBuilderAPI.h" />
    <ClInclude Include="..\source\ConstantNode.h" />
    <ClInclude Include="..\source\DesignAbstraction.h" />
    <ClInclude Include="..\source\DesignExtractor.h" />
    <ClInclude Include="..\source\FollowTable.h" />
    <ClInclude Include="..\source\Grammar.h" />
    <ClInclude Include="..\source\ParentTable.h" />
    <ClInclude Include="..\source\Parser.h" />
    <ClInclude Include="..\source\Pattern.h" />
    <ClInclude Include="..\source\PKB.h" />
    <ClInclude Include="..\source\ProcedureNode.h" />
    <ClInclude Include="..\source\QueryEvaluator.h" />
    <ClInclude Include="..\source\QueryPreProcessor.h" />
    <ClInclude Include="..\source\QueryProcessor.h" />
    <ClInclude Include="..\source\QueryResultProjector.h" />
    <ClInclude Include="..\source\StmtListNode.h" />
    <ClInclude Include="..\source\StringUtil.h" />
    <ClInclude Include="..\source\TNode.h" />
    <ClInclude Include="..\source\VariableNode.h" />
    <ClInclude Include="..\source\VarTable.h" />
    <ClInclude Include="..\source\WhileNode.h" />
  </ItemGroup>
</Project>